{
  "name": "@waves/signature-adapter",
  "version": "4.3.0",
  "lockfileVersion": 1,
  "requires": true,
  "dependencies": {
    "@babel/code-frame": {
      "version": "7.0.0",
      "resolved": "https://registry.npmjs.org/@babel/code-frame/-/code-frame-7.0.0.tgz",
      "integrity": "sha512-OfC2uemaknXr87bdLUkWog7nYuliM9Ij5HUcajsVcMCpQrcLmtxRbVFTIqmcSkSeYRBFBRxs2FiUqFJDLdiebA==",
      "dev": true,
      "requires": {
        "@babel/highlight": "^7.0.0"
      }
    },
    "@babel/highlight": {
      "version": "7.0.0",
      "resolved": "https://registry.npmjs.org/@babel/highlight/-/highlight-7.0.0.tgz",
      "integrity": "sha512-UFMC4ZeFC48Tpvj7C8UgLvtkaUuovQX+5xNWrsIoMG8o2z+XFKjKaN9iVmS84dPwVN00W4wPmqvYoZF3EGAsfw==",
      "dev": true,
      "requires": {
        "chalk": "^2.0.0",
        "esutils": "^2.0.2",
        "js-tokens": "^4.0.0"
      },
      "dependencies": {
        "js-tokens": {
          "version": "4.0.0",
          "resolved": "https://registry.npmjs.org/js-tokens/-/js-tokens-4.0.0.tgz",
          "integrity": "sha512-RdJUflcE3cUzKiMqQgsCu06FPu9UdIJO0beYbPhHN4k6apgJtifcoCtT9bcxOpYBtpD2kCM6Sbzg4CausW/PKQ==",
          "dev": true
        }
      }
    },
    "@ledgerhq/hw-transport": {
      "version": "4.32.0",
      "resolved": "https://registry.npmjs.org/@ledgerhq/hw-transport/-/hw-transport-4.32.0.tgz",
      "integrity": "sha512-Wgsk9UHC4RShqYoDeIEeKgHZOvNCtB0WWIG0xqlVPzS+IcKDkIxtXQw7hTA7GQSuDuGeauVtlbTQ5yat6+2/BA==",
      "requires": {
        "events": "^3.0.0"
      }
    },
    "@ledgerhq/hw-transport-u2f": {
      "version": "4.32.0",
      "resolved": "https://registry.npmjs.org/@ledgerhq/hw-transport-u2f/-/hw-transport-u2f-4.32.0.tgz",
      "integrity": "sha512-xzY+Q7ObVVv/V/wxvp1eEbDhFf+LFnavQGvqw8EZkCEmkX4iKh2w7AH+B8k1XWS+Mpa3CiG3TVQQE85mf+6jQg==",
      "requires": {
        "@ledgerhq/hw-transport": "^4.32.0",
        "u2f-api": "0.2.7"
      }
    },
    "@types/base64-js": {
      "version": "1.2.5",
      "resolved": "https://registry.npmjs.org/@types/base64-js/-/base64-js-1.2.5.tgz",
      "integrity": "sha1-WCskdhaabLpGCiFNR2x0REHYc9U="
    },
    "@types/crypto-js": {
      "version": "3.1.43",
      "resolved": "https://registry.npmjs.org/@types/crypto-js/-/crypto-js-3.1.43.tgz",
      "integrity": "sha512-EHe/YKctU3IYNBsDmSOPX/7jLHPRlx8WaiDKSY9JCTnJ8XJeM4c0ZJvx+9Gxmr2s2ihI92R+3U/gNL1sq5oRuQ=="
    },
    "@types/jest": {
      "version": "23.3.9",
      "resolved": "https://registry.npmjs.org/@types/jest/-/jest-23.3.9.tgz",
      "integrity": "sha512-wNMwXSUcwyYajtbayfPp55tSayuDVU6PfY5gzvRSj80UvxdXEJOVPnUVajaOp7NgXLm+1e2ZDLULmpsU9vDvQw==",
      "dev": true
    },
    "@types/long": {
      "version": "4.0.0",
      "resolved": "https://registry.npmjs.org/@types/long/-/long-4.0.0.tgz",
      "integrity": "sha512-1w52Nyx4Gq47uuu0EVcsHBxZFJgurQ+rTKS3qMHxR1GY2T8c2AJYd6vZoZ9q1rupaDjU0yT+Jc2XTyXkjeMA+Q=="
    },
    "@types/ramda": {
      "version": "0.25.46",
      "resolved": "https://registry.npmjs.org/@types/ramda/-/ramda-0.25.46.tgz",
      "integrity": "sha512-UiyHmzWu0KftAWZXfiUvwToVTHGhaG2fnWVckGwaic4By6YyGqtOpq7m8R3HLrpEsYH0AnRQjtXhdL8igmCuDw=="
    },
    "@waves/data-entities": {
      "version": "1.6.4",
      "resolved": "https://registry.npmjs.org/@waves/data-entities/-/data-entities-1.6.4.tgz",
      "integrity": "sha512-amWUZzZMpw+YSXFWjLCeYiEKvDDwmeinlZqCl3JhPj8mp5HBSbaBhR9bE4uxDgB8Bafwtm5RLHHFam6/PV9zrQ==",
      "requires": {
        "bignumber.js": "7.0.1"
      }
    },
    "@waves/ledger": {
      "version": "3.0.1",
      "resolved": "https://registry.npmjs.org/@waves/ledger/-/ledger-3.0.1.tgz",
      "integrity": "sha512-nSfpXNcwdDcuNL4LJt5a1qww8arcbSio7HJVsXDCvKA+04KMpjctL67Kwj1PMx69h1L1LJ6ZWUJfFiDDsy0O6g==",
      "requires": {
        "@ledgerhq/hw-transport-u2f": "^4.24.0",
        "@waves/signature-generator": "^4.0.0",
        "babel-polyfill": "^6.26.0"
      },
      "dependencies": {
        "@waves/signature-generator": {
          "version": "4.0.0",
          "resolved": "https://registry.npmjs.org/@waves/signature-generator/-/signature-generator-4.0.0.tgz",
          "integrity": "sha512-cL5x+1U4NNqR0NrgSG6p5yiwlC0Rb+Z6P8BZyYMwAjbUYMSR2S8qu1pjyHmvKqj59XPL8Kw0A6D0RCSJBjq7jQ==",
          "requires": {
            "@types/crypto-js": "^3.1.43",
            "@waves/data-entities": "^1.6.0",
            "base64-js": "1.3.0",
            "crypto-js": "3.1.9-1"
          }
        }
      }
    },
    "@waves/marshall": {
      "version": "0.6.0",
      "resolved": "https://registry.npmjs.org/@waves/marshall/-/marshall-0.6.0.tgz",
      "integrity": "sha512-xrFnJFjb9b1NPGN2mwvbTaHdY6LKfzhqaOeCN4AUzeWZx3Z8trm1U2j2lxRdcrUkJsmiH7LipQ6g6J0UVIxovQ==",
      "requires": {
        "@types/base64-js": "^1.2.5",
        "@types/long": "^4.0.0",
        "base64-js": "^1.3.0",
        "long": "^4.0.0",
        "parse-json-bignumber": "^0.1.2"
      }
    },
    "@waves/signature-generator": {
      "version": "5.0.0",
      "resolved": "https://registry.npmjs.org/@waves/signature-generator/-/signature-generator-5.0.0.tgz",
      "integrity": "sha512-W7sbT2vTJae8OXG3rKe6/2YVhJSjSUB/8M8u5qmT3Og7QlOd/AK40e+PYceC/kHICpEjjbzWT1El+BoVrWyoaw==",
      "requires": {
        "@types/crypto-js": "^3.1.43",
        "@waves/data-entities": "^1.6.0",
        "base64-js": "1.3.0",
        "crypto-js": "3.1.9-1"
      }
    },
    "@waves/ts-types": {
      "version": "0.2.0-beta-1",
      "resolved": "https://registry.npmjs.org/@waves/ts-types/-/ts-types-0.2.0-beta-1.tgz",
      "integrity": "sha512-IYEV2NenNfja8rGVtaFiCu7l0KniKgVBcIaUqrdHX7ISGlL+HtRMo7PFn85wMjxhZ9Ulu8CSmLlQYP4nMP9z/w=="
    },
    "JSONStream": {
      "version": "1.3.5",
      "resolved": "https://registry.npmjs.org/JSONStream/-/JSONStream-1.3.5.tgz",
      "integrity": "sha512-E+iruNOY8VV9s4JEbe1aNEm6MiszPRr/UfcHMz0TQh1BXSxHK+ASV1R6W4HpjBhSeS+54PIsAMCBmwD06LLsqQ==",
      "dev": true,
      "requires": {
        "jsonparse": "^1.2.0",
        "through": ">=2.2.7 <3"
      }
    },
    "abab": {
      "version": "2.0.0",
      "resolved": "https://registry.npmjs.org/abab/-/abab-2.0.0.tgz",
      "integrity": "sha512-sY5AXXVZv4Y1VACTtR11UJCPHHudgY5i26Qj5TypE6DKlIApbwb5uqhXcJ5UUGbvZNRh7EeIoW+LrJumBsKp7w==",
      "dev": true
    },
    "acorn": {
      "version": "6.0.2",
      "resolved": "https://registry.npmjs.org/acorn/-/acorn-6.0.2.tgz",
      "integrity": "sha512-GXmKIvbrN3TV7aVqAzVFaMW8F8wzVX7voEBRO3bDA64+EX37YSayggRJP5Xig6HYHBkWKpFg9W5gg6orklubhg==",
      "dev": true
    },
    "acorn-dynamic-import": {
      "version": "4.0.0",
      "resolved": "https://registry.npmjs.org/acorn-dynamic-import/-/acorn-dynamic-import-4.0.0.tgz",
      "integrity": "sha512-d3OEjQV4ROpoflsnUA8HozoIR504TFxNivYEUi6uwz0IYhBkTDXGuWlNdMtybRt3nqVx/L6XqMt0FxkXuWKZhw==",
      "dev": true
    },
